
Microsoft Visual Studio Solution File, Format Version 12.00
# Visual Studio Version 17
VisualStudioVersion = 17.0.32126.317
MinimumVisualStudioVersion = 10.0.40219.1
Project("{9A19103F-16F7-4668-BE54-9A1E7A4F7556}") = "NetMessage.Base", "NetMessage.Base\NetMessage.Base.csproj", "{9E360813-E8B9-4FE1-9315-6224C8A841A4}"
EndProject
Project("{9A19103F-16F7-4668-BE54-9A1E7A4F7556}") = "NetMessage", "NetMessage\NetMessage.csproj", "{82F3A2E9-A0F1-4B4F-A633-9194846B2F42}"
EndProject
Project("{2150E333-8FDC-42A3-9474-1A3956D46DE8}") = "Tests", "Tests", "{261D6D93-9891-441B-A8F9-586B587B8EDB}"
EndProject
Project("{9A19103F-16F7-4668-BE54-9A1E7A4F7556}") = "NetMessage.Integration.Test", "Tests\NetMessage.Integration.Test.csproj", "{5BB52A51-0FA1-492F-8EEA-8435610E0D3B}"
EndProject
Project("{2150E333-8FDC-42A3-9474-1A3956D46DE8}") = "Examples", "Examples", "{53939F01-323F-40AC-896F-F50DD1BA9227}"
EndProject
Project("{2150E333-8FDC-42A3-9474-1A3956D46DE8}") = "SimpleString", "SimpleString", "{28D5EE90-461A-478D-B6FB-0005BB77DBF5}"
EndProject
Project("{2150E333-8FDC-42A3-9474-1A3956D46DE8}") = "TypeSafe", "TypeSafe", "{0596C0DE-663B-4C01-BB6A-A43163FB2953}"
EndProject
Project("{9A19103F-16F7-4668-BE54-9A1E7A4F7556}") = "NetMessage.Examples.SimpleString", "Examples\SimpleString\NetMessage.Examples.SimpleString.csproj", "{A4817567-07A3-44F9-A259-2EFCB43201A8}"
EndProject
Project("{9A19103F-16F7-4668-BE54-9A1E7A4F7556}") = "NetMessage.Examples.SimpleString.Client", "Examples\SimpleString.Client\NetMessage.Examples.SimpleString.Client.csproj", "{D52065DC-9507-48E9-ACB9-23C2F8A502D7}"
EndProject
Project("{9A19103F-16F7-4668-BE54-9A1E7A4F7556}") = "NetMessage.Examples.SimpleString.Server", "Examples\SimpleString.Server\NetMessage.Examples.SimpleString.Server.csproj", "{0B6F956D-6AED-48F4-A006-1BA30DE1E921}"
EndProject
Project("{9A19103F-16F7-4668-BE54-9A1E7A4F7556}") = "NetMessage.Examples.TypeSafe", "Examples\TypeSafe\NetMessage.Examples.TypeSafe.csproj", "{FECC4D95-D780-464E-8BC2-F48990015E05}"
EndProject
Project("{9A19103F-16F7-4668-BE54-9A1E7A4F7556}") = "NetMessage.Examples.TypeSafe.Client", "Examples\TypeSafe.Client\NetMessage.Examples.TypeSafe.Client.csproj", "{D32429B9-514A-44CE-813A-B29DF51D4A4E}"
EndProject
Project("{9A19103F-16F7-4668-BE54-9A1E7A4F7556}") = "NetMessage.Examples.TypeSafe.Server", "Examples\TypeSafe.Server\NetMessage.Examples.TypeSafe.Server.csproj", "{70F67525-173C-4E06-AD2D-F7992CADEA46}"
EndProject
Project("{2150E333-8FDC-42A3-9474-1A3956D46DE8}") = "_Solution", "_Solution", "{4542A060-CE3F-48A2-B520-A9DBF5760879}"
	ProjectSection(SolutionItems) = preProject
		.gitignore = .gitignore
		Directory.Build.props = Directory.Build.props
		LICENSE = LICENSE
		Pipeline.yml = Pipeline.yml
		README.md = README.md
	EndProjectSection
EndProject
Global
	GlobalSection(SolutionConfigurationPlatforms) = preSolution
		Debug|Any CPU = Debug|Any CPU
		Release|Any CPU = Release|Any CPU
	EndGlobalSection
	GlobalSection(ProjectConfigurationPlatforms) = postSolution
		{9E360813-E8B9-4FE1-9315-6224C8A841A4}.Debug|Any CPU.ActiveCfg = Debug|Any CPU
		{9E360813-E8B9-4FE1-9315-6224C8A841A4}.Debug|Any CPU.Build.0 = Debug|Any CPU
		{9E360813-E8B9-4FE1-9315-6224C8A841A4}.Release|Any CPU.ActiveCfg = Release|Any CPU
		{9E360813-E8B9-4FE1-9315-6224C8A841A4}.Release|Any CPU.Build.0 = Release|Any CPU
		{82F3A2E9-A0F1-4B4F-A633-9194846B2F42}.Debug|Any CPU.ActiveCfg = Debug|Any CPU
		{82F3A2E9-A0F1-4B4F-A633-9194846B2F42}.Debug|Any CPU.Build.0 = Debug|Any CPU
		{82F3A2E9-A0F1-4B4F-A633-9194846B2F42}.Release|Any CPU.ActiveCfg = Release|Any CPU
		{82F3A2E9-A0F1-4B4F-A633-9194846B2F42}.Release|Any CPU.Build.0 = Release|Any CPU
		{5BB52A51-0FA1-492F-8EEA-8435610E0D3B}.Debug|Any CPU.ActiveCfg = Debug|Any CPU
		{5BB52A51-0FA1-492F-8EEA-8435610E0D3B}.Debug|Any CPU.Build.0 = Debug|Any CPU
		{5BB52A51-0FA1-492F-8EEA-8435610E0D3B}.Release|Any CPU.ActiveCfg = Release|Any CPU
		{5BB52A51-0FA1-492F-8EEA-8435610E0D3B}.Release|Any CPU.Build.0 = Release|Any CPU
		{A4817567-07A3-44F9-A259-2EFCB43201A8}.Debug|Any CPU.ActiveCfg = Debug|Any CPU
		{A4817567-07A3-44F9-A259-2EFCB43201A8}.Debug|Any CPU.Build.0 = Debug|Any CPU
		{A4817567-07A3-44F9-A259-2EFCB43201A8}.Release|Any CPU.ActiveCfg = Release|Any CPU
		{A4817567-07A3-44F9-A259-2EFCB43201A8}.Release|Any CPU.Build.0 = Release|Any CPU
		{D52065DC-9507-48E9-ACB9-23C2F8A502D7}.Debug|Any CPU.ActiveCfg = Debug|Any CPU
		{D52065DC-9507-48E9-ACB9-23C2F8A502D7}.Debug|Any CPU.Build.0 = Debug|Any CPU
		{D52065DC-9507-48E9-ACB9-23C2F8A502D7}.Release|Any CPU.ActiveCfg = Release|Any CPU
		{D52065DC-9507-48E9-ACB9-23C2F8A502D7}.Release|Any CPU.Build.0 = Release|Any CPU
		{0B6F956D-6AED-48F4-A006-1BA30DE1E921}.Debug|Any CPU.ActiveCfg = Debug|Any CPU
		{0B6F956D-6AED-48F4-A006-1BA30DE1E921}.Debug|Any CPU.Build.0 = Debug|Any CPU
		{0B6F956D-6AED-48F4-A006-1BA30DE1E921}.Release|Any CPU.ActiveCfg = Release|Any CPU
		{0B6F956D-6AED-48F4-A006-1BA30DE1E921}.Release|Any CPU.Build.0 = Release|Any CPU
		{FECC4D95-D780-464E-8BC2-F48990015E05}.Debug|Any CPU.ActiveCfg = Debug|Any CPU
		{FECC4D95-D780-464E-8BC2-F48990015E05}.Debug|Any CPU.Build.0 = Debug|Any CPU
		{FECC4D95-D780-464E-8BC2-F48990015E05}.Release|Any CPU.ActiveCfg = Release|Any CPU
		{FECC4D95-D780-464E-8BC2-F48990015E05}.Release|Any CPU.Build.0 = Release|Any CPU
		{D32429B9-514A-44CE-813A-B29DF51D4A4E}.Debug|Any CPU.ActiveCfg = Debug|Any CPU
		{D32429B9-514A-44CE-813A-B29DF51D4A4E}.Debug|Any CPU.Build.0 = Debug|Any CPU
		{D32429B9-514A-44CE-813A-B29DF51D4A4E}.Release|Any CPU.ActiveCfg = Release|Any CPU
		{D32429B9-514A-44CE-813A-B29DF51D4A4E}.Release|Any CPU.Build.0 = Release|Any CPU
		{70F67525-173C-4E06-AD2D-F7992CADEA46}.Debug|Any CPU.ActiveCfg = Debug|Any CPU
		{70F67525-173C-4E06-AD2D-F7992CADEA46}.Debug|Any CPU.Build.0 = Debug|Any CPU
		{70F67525-173C-4E06-AD2D-F7992CADEA46}.Release|Any CPU.ActiveCfg = Release|Any CPU
		{70F67525-173C-4E06-AD2D-F7992CADEA46}.Release|Any CPU.Build.0 = Release|Any CPU
	EndGlobalSection
	GlobalSection(SolutionProperties) = preSolution
		HideSolutionNode = FALSE
	EndGlobalSection
	GlobalSection(NestedProjects) = preSolution
		{5BB52A51-0FA1-492F-8EEA-8435610E0D3B} = {261D6D93-9891-441B-A8F9-586B587B8EDB}
		{28D5EE90-461A-478D-B6FB-0005BB77DBF5} = {53939F01-323F-40AC-896F-F50DD1BA9227}
		{0596C0DE-663B-4C01-BB6A-A43163FB2953} = {53939F01-323F-40AC-896F-F50DD1BA9227}
		{A4817567-07A3-44F9-A259-2EFCB43201A8} = {28D5EE90-461A-478D-B6FB-0005BB77DBF5}
		{D52065DC-9507-48E9-ACB9-23C2F8A502D7} = {28D5EE90-461A-478D-B6FB-0005BB77DBF5}
		{0B6F956D-6AED-48F4-A006-1BA30DE1E921} = {28D5EE90-461A-478D-B6FB-0005BB77DBF5}
		{FECC4D95-D780-464E-8BC2-F48990015E05} = {0596C0DE-663B-4C01-BB6A-A43163FB2953}
		{D32429B9-514A-44CE-813A-B29DF51D4A4E} = {0596C0DE-663B-4C01-BB6A-A43163FB2953}
		{70F67525-173C-4E06-AD2D-F7992CADEA46} = {0596C0DE-663B-4C01-BB6A-A43163FB2953}
	EndGlobalSection
	GlobalSection(ExtensibilityGlobals) = postSolution
		SolutionGuid = {9914BA43-9EBD-4411-BD64-BF92E2251E64}
	EndGlobalSection
EndGlobal
